// !$*UTF8*$!
{
	archiveVersion = 1;
	classes = {
	};
	objectVersion = 52;
	objects = {

/* Begin PBXBuildFile section */
		80EF086566DFC5E749FFED20 /* Pods_veganBegan.framework in Frameworks */ = {isa = PBXBuildFile; fileRef = 658D62D287F575280F714A5F /* Pods_veganBegan.framework */; };
		9A3388E0264266ED0025B252 /* AppDelegate.swift in Sources */ = {isa = PBXBuildFile; fileRef = 9A3388DF264266ED0025B252 /* AppDelegate.swift */; };
		9A3388E2264266ED0025B252 /* SceneDelegate.swift in Sources */ = {isa = PBXBuildFile; fileRef = 9A3388E1264266ED0025B252 /* SceneDelegate.swift */; };
		9A3388E4264266ED0025B252 /* ViewController.swift in Sources */ = {isa = PBXBuildFile; fileRef = 9A3388E3264266ED0025B252 /* ViewController.swift */; };
		9A3388E7264266ED0025B252 /* Main.storyboard in Resources */ = {isa = PBXBuildFile; fileRef = 9A3388E5264266ED0025B252 /* Main.storyboard */; };
		9A3388EA264266ED0025B252 /* veganBegan.xcdatamodeld in Sources */ = {isa = PBXBuildFile; fileRef = 9A3388E8264266ED0025B252 /* veganBegan.xcdatamodeld */; };
		9A3388EC264266EE0025B252 /* Assets.xcassets in Resources */ = {isa = PBXBuildFile; fileRef = 9A3388EB264266EE0025B252 /* Assets.xcassets */; };
		9A3388EF264266EE0025B252 /* LaunchScreen.storyboard in Resources */ = {isa = PBXBuildFile; fileRef = 9A3388ED264266EE0025B252 /* LaunchScreen.storyboard */; };
		9A3388FE264269DD0025B252 /* OpenGLES.framework in Frameworks */ = {isa = PBXBuildFile; fileRef = 9A3388FD264269DD0025B252 /* OpenGLES.framework */; };
		9A338900264269E60025B252 /* SystemConfiguration.framework in Frameworks */ = {isa = PBXBuildFile; fileRef = 9A3388FF264269E60025B252 /* SystemConfiguration.framework */; };
		9A338902264269ED0025B252 /* CoreLocation.framework in Frameworks */ = {isa = PBXBuildFile; fileRef = 9A338901264269ED0025B252 /* CoreLocation.framework */; };
		9A338904264269F70025B252 /* QuartzCore.framework in Frameworks */ = {isa = PBXBuildFile; fileRef = 9A338903264269F70025B252 /* QuartzCore.framework */; };
		9A33890E264272A10025B252 /* libc++.tbd in Frameworks */ = {isa = PBXBuildFile; fileRef = 9A33890526426A020025B252 /* libc++.tbd */; };
		9A33890F264272A80025B252 /* libxml2.tbd in Frameworks */ = {isa = PBXBuildFile; fileRef = 9A33890626426A110025B252 /* libxml2.tbd */; };
		9A338910264272B10025B252 /* libsqlite3.tbd in Frameworks */ = {isa = PBXBuildFile; fileRef = 9A33890726426A190025B252 /* libsqlite3.tbd */; };
		F6EDF2542643119B001A924E /* map_pinup_custom@3x.png in Resources */ = {isa = PBXBuildFile; fileRef = F6EDF22F2643119B001A924E /* map_pinup_custom@3x.png */; };
		F6EDF2552643119B001A924E /* map_pin_custom.png in Resources */ = {isa = PBXBuildFile; fileRef = F6EDF2302643119B001A924E /* map_pin_custom.png */; };
		F6EDF2562643119B001A924E /* shadow_balloon.png in Resources */ = {isa = PBXBuildFile; fileRef = F6EDF2312643119B001A924E /* shadow_balloon.png */; };
		F6EDF2572643119B001A924E /* map_pinup.png in Resources */ = {isa = PBXBuildFile; fileRef = F6EDF2322643119B001A924E /* map_pinup.png */; };
		F6EDF2582643119B001A924E /* detail_button.png in Resources */ = {isa = PBXBuildFile; fileRef = F6EDF2332643119B001A924E /* detail_button.png */; };
		F6EDF2592643119B001A924E /* map_pin_custom@3x.png in Resources */ = {isa = PBXBuildFile; fileRef = F6EDF2342643119B001A924E /* map_pin_custom@3x.png */; };
		F6EDF25A2643119B001A924E /* map_pinup@3x.png in Resources */ = {isa = PBXBuildFile; fileRef = F6EDF2352643119B001A924E /* map_pinup@3x.png */; };
		F6EDF25B2643119B001A924E /* map_pin_shadow@3x.png in Resources */ = {isa = PBXBuildFile; fileRef = F6EDF2362643119B001A924E /* map_pin_shadow@3x.png */; };
		F6EDF25C2643119B001A924E /* copyright.png in Resources */ = {isa = PBXBuildFile; fileRef = F6EDF2372643119B001A924E /* copyright.png */; };
		F6EDF25D2643119B001A924E /* th_line.png in Resources */ = {isa = PBXBuildFile; fileRef = F6EDF2382643119B001A924E /* th_line.png */; };
		F6EDF25E2643119B001A924E /* map_pin_red@3x.png in Resources */ = {isa = PBXBuildFile; fileRef = F6EDF2392643119B001A924E /* map_pin_red@3x.png */; };
		F6EDF25F2643119B001A924E /* daum_copyright.png in Resources */ = {isa = PBXBuildFile; fileRef = F6EDF23A2643119B001A924E /* daum_copyright.png */; };
		F6EDF2602643119B001A924E /* map_pin@3x.png in Resources */ = {isa = PBXBuildFile; fileRef = F6EDF23B2643119B001A924E /* map_pin@3x.png */; };
		F6EDF2612643119B001A924E /* map_present_tracking.png in Resources */ = {isa = PBXBuildFile; fileRef = F6EDF23C2643119B001A924E /* map_present_tracking.png */; };
		F6EDF2622643119B001A924E /* map_pin_red.png in Resources */ = {isa = PBXBuildFile; fileRef = F6EDF23D2643119B001A924E /* map_pin_red.png */; };
		F6EDF2632643119B001A924E /* info_box.png in Resources */ = {isa = PBXBuildFile; fileRef = F6EDF2472643119B001A924E /* info_box.png */; };
		F6EDF2642643119B001A924E /* point_sprite.png in Resources */ = {isa = PBXBuildFile; fileRef = F6EDF2482643119B001A924E /* point_sprite.png */; };
		F6EDF2652643119B001A924E /* map_pinup_custom.png in Resources */ = {isa = PBXBuildFile; fileRef = F6EDF2492643119B001A924E /* map_pinup_custom.png */; };
		F6EDF2662643119B001A924E /* info_box_tail.png in Resources */ = {isa = PBXBuildFile; fileRef = F6EDF24A2643119B001A924E /* info_box_tail.png */; };
		F6EDF2672643119B001A924E /* noimage256.png in Resources */ = {isa = PBXBuildFile; fileRef = F6EDF24B2643119B001A924E /* noimage256.png */; };
		F6EDF2682643119B001A924E /* map_present_direction.png in Resources */ = {isa = PBXBuildFile; fileRef = F6EDF24C2643119B001A924E /* map_present_direction.png */; };
		F6EDF2692643119B001A924E /* map_pin.png in Resources */ = {isa = PBXBuildFile; fileRef = F6EDF24D2643119B001A924E /* map_pin.png */; };
		F6EDF26A2643119B001A924E /* map_present.png in Resources */ = {isa = PBXBuildFile; fileRef = F6EDF24E2643119B001A924E /* map_present.png */; };
		F6EDF26B2643119B001A924E /* noimage.png in Resources */ = {isa = PBXBuildFile; fileRef = F6EDF24F2643119B001A924E /* noimage.png */; };
		F6EDF26C2643119B001A924E /* map_present_background_update.png in Resources */ = {isa = PBXBuildFile; fileRef = F6EDF2502643119B001A924E /* map_present_background_update.png */; };
		F6EDF26D2643119B001A924E /* daum_th_line.png in Resources */ = {isa = PBXBuildFile; fileRef = F6EDF2512643119B001A924E /* daum_th_line.png */; };
		F6EDF26E2643119B001A924E /* map_pin_shadow.png in Resources */ = {isa = PBXBuildFile; fileRef = F6EDF2522643119B001A924E /* map_pin_shadow.png */; };
		F6EDF26F2643119B001A924E /* DaumMap.framework in Frameworks */ = {isa = PBXBuildFile; fileRef = F6EDF2532643119B001A924E /* DaumMap.framework */; };
		F709397726510828007B179A /* GoogleService-Info.plist in Resources */ = {isa = PBXBuildFile; fileRef = F709397626510828007B179A /* GoogleService-Info.plist */; };
		F709397926510A24007B179A /* veganBegan.xcworkspace in Resources */ = {isa = PBXBuildFile; fileRef = F709397826510A24007B179A /* veganBegan.xcworkspace */; };
		F709397B2651108A007B179A /* DatabaseManager.swift in Sources */ = {isa = PBXBuildFile; fileRef = F709397A2651108A007B179A /* DatabaseManager.swift */; };
		F7A8F8872666B7930009D5DB /* MapViewController.swift in Sources */ = {isa = PBXBuildFile; fileRef = F7A8F8862666B7930009D5DB /* MapViewController.swift */; };
/* End PBXBuildFile section */

/* Begin PBXFileReference section */
		53B5A7B0A8DF0D297A0654E9 /* Pods-veganBegan.debug.xcconfig */ = {isa = PBXFileReference; includeInIndex = 1; lastKnownFileType = text.xcconfig; name = "Pods-veganBegan.debug.xcconfig"; path = "Target Support Files/Pods-veganBegan/Pods-veganBegan.debug.xcconfig"; sourceTree = "<group>"; };
		658D62D287F575280F714A5F /* Pods_veganBegan.framework */ = {isa = PBXFileReference; explicitFileType = wrapper.framework; includeInIndex = 0; path = Pods_veganBegan.framework; sourceTree = BUILT_PRODUCTS_DIR; };
		9A3388DC264266ED0025B252 /* veganBegan.app */ = {isa = PBXFileReference; explicitFileType = wrapper.application; includeInIndex = 0; path = veganBegan.app; sourceTree = BUILT_PRODUCTS_DIR; };
		9A3388DF264266ED0025B252 /* AppDelegate.swift */ = {isa = PBXFileReference; lastKnownFileType = sourcecode.swift; path = AppDelegate.swift; sourceTree = "<group>"; };
		9A3388E1264266ED0025B252 /* SceneDelegate.swift */ = {isa = PBXFileReference; lastKnownFileType = sourcecode.swift; path = SceneDelegate.swift; sourceTree = "<group>"; };
		9A3388E3264266ED0025B252 /* ViewController.swift */ = {isa = PBXFileReference; lastKnownFileType = sourcecode.swift; path = ViewController.swift; sourceTree = "<group>"; };
		9A3388E6264266ED0025B252 /* Base */ = {isa = PBXFileReference; lastKnownFileType = file.storyboard; name = Base; path = Base.lproj/Main.storyboard; sourceTree = "<group>"; };
		9A3388E9264266ED0025B252 /* veganBegan.xcdatamodel */ = {isa = PBXFileReference; lastKnownFileType = wrapper.xcdatamodel; path = veganBegan.xcdatamodel; sourceTree = "<group>"; };
		9A3388EB264266EE0025B252 /* Assets.xcassets */ = {isa = PBXFileReference; lastKnownFileType = folder.assetcatalog; path = Assets.xcassets; sourceTree = "<group>"; };
		9A3388EE264266EE0025B252 /* Base */ = {isa = PBXFileReference; lastKnownFileType = file.storyboard; name = Base; path = Base.lproj/LaunchScreen.storyboard; sourceTree = "<group>"; };
		9A3388F0264266EE0025B252 /* Info.plist */ = {isa = PBXFileReference; lastKnownFileType = text.plist.xml; path = Info.plist; sourceTree = "<group>"; };
		9A3388FD264269DD0025B252 /* OpenGLES.framework */ = {isa = PBXFileReference; lastKnownFileType = wrapper.framework; name = OpenGLES.framework; path = System/Library/Frameworks/OpenGLES.framework; sourceTree = SDKROOT; };
		9A3388FF264269E60025B252 /* SystemConfiguration.framework */ = {isa = PBXFileReference; lastKnownFileType = wrapper.framework; name = SystemConfiguration.framework; path = System/Library/Frameworks/SystemConfiguration.framework; sourceTree = SDKROOT; };
		9A338901264269ED0025B252 /* CoreLocation.framework */ = {isa = PBXFileReference; lastKnownFileType = wrapper.framework; name = CoreLocation.framework; path = System/Library/Frameworks/CoreLocation.framework; sourceTree = SDKROOT; };
		9A338903264269F70025B252 /* QuartzCore.framework */ = {isa = PBXFileReference; lastKnownFileType = wrapper.framework; name = QuartzCore.framework; path = System/Library/Frameworks/QuartzCore.framework; sourceTree = SDKROOT; };
		9A33890526426A020025B252 /* libc++.tbd */ = {isa = PBXFileReference; lastKnownFileType = "sourcecode.text-based-dylib-definition"; name = "libc++.tbd"; path = "usr/lib/libc++.tbd"; sourceTree = SDKROOT; };
		9A33890626426A110025B252 /* libxml2.tbd */ = {isa = PBXFileReference; lastKnownFileType = "sourcecode.text-based-dylib-definition"; name = libxml2.tbd; path = usr/lib/libxml2.tbd; sourceTree = SDKROOT; };
		9A33890726426A190025B252 /* libsqlite3.tbd */ = {isa = PBXFileReference; lastKnownFileType = "sourcecode.text-based-dylib-definition"; name = libsqlite3.tbd; path = usr/lib/libsqlite3.tbd; sourceTree = SDKROOT; };
		9A33890826426CDD0025B252 /* veganBegan-Bridging-Header.h */ = {isa = PBXFileReference; lastKnownFileType = sourcecode.c.h; path = "veganBegan-Bridging-Header.h"; sourceTree = "<group>"; };
		A7E002EA4B84443C7CBBF529 /* Pods-veganBegan.release.xcconfig */ = {isa = PBXFileReference; includeInIndex = 1; lastKnownFileType = text.xcconfig; name = "Pods-veganBegan.release.xcconfig"; path = "Target Support Files/Pods-veganBegan/Pods-veganBegan.release.xcconfig"; sourceTree = "<group>"; };
		F6EDF22F2643119B001A924E /* map_pinup_custom@3x.png */ = {isa = PBXFileReference; lastKnownFileType = image.png; path = "map_pinup_custom@3x.png"; sourceTree = "<group>"; };
		F6EDF2302643119B001A924E /* map_pin_custom.png */ = {isa = PBXFileReference; lastKnownFileType = image.png; path = map_pin_custom.png; sourceTree = "<group>"; };
		F6EDF2312643119B001A924E /* shadow_balloon.png */ = {isa = PBXFileReference; lastKnownFileType = image.png; path = shadow_balloon.png; sourceTree = "<group>"; };
		F6EDF2322643119B001A924E /* map_pinup.png */ = {isa = PBXFileReference; lastKnownFileType = image.png; path = map_pinup.png; sourceTree = "<group>"; };
		F6EDF2332643119B001A924E /* detail_button.png */ = {isa = PBXFileReference; lastKnownFileType = image.png; path = detail_button.png; sourceTree = "<group>"; };
		F6EDF2342643119B001A924E /* map_pin_custom@3x.png */ = {isa = PBXFileReference; lastKnownFileType = image.png; path = "map_pin_custom@3x.png"; sourceTree = "<group>"; };
		F6EDF2352643119B001A924E /* map_pinup@3x.png */ = {isa = PBXFileReference; lastKnownFileType = image.png; path = "map_pinup@3x.png"; sourceTree = "<group>"; };
		F6EDF2362643119B001A924E /* map_pin_shadow@3x.png */ = {isa = PBXFileReference; lastKnownFileType = image.png; path = "map_pin_shadow@3x.png"; sourceTree = "<group>"; };
		F6EDF2372643119B001A924E /* copyright.png */ = {isa = PBXFileReference; lastKnownFileType = image.png; path = copyright.png; sourceTree = "<group>"; };
		F6EDF2382643119B001A924E /* th_line.png */ = {isa = PBXFileReference; lastKnownFileType = image.png; path = th_line.png; sourceTree = "<group>"; };
		F6EDF2392643119B001A924E /* map_pin_red@3x.png */ = {isa = PBXFileReference; lastKnownFileType = image.png; path = "map_pin_red@3x.png"; sourceTree = "<group>"; };
		F6EDF23A2643119B001A924E /* daum_copyright.png */ = {isa = PBXFileReference; lastKnownFileType = image.png; path = daum_copyright.png; sourceTree = "<group>"; };
		F6EDF23B2643119B001A924E /* map_pin@3x.png */ = {isa = PBXFileReference; lastKnownFileType = image.png; path = "map_pin@3x.png"; sourceTree = "<group>"; };
		F6EDF23C2643119B001A924E /* map_present_tracking.png */ = {isa = PBXFileReference; lastKnownFileType = image.png; path = map_present_tracking.png; sourceTree = "<group>"; };
		F6EDF23D2643119B001A924E /* map_pin_red.png */ = {isa = PBXFileReference; lastKnownFileType = image.png; path = map_pin_red.png; sourceTree = "<group>"; };
		F6EDF23F2643119B001A924E /* MTMapPOIItem.h */ = {isa = PBXFileReference; fileEncoding = 4; lastKnownFileType = sourcecode.c.h; path = MTMapPOIItem.h; sourceTree = "<group>"; };
		F6EDF2402643119B001A924E /* MTMapCameraUpdate.h */ = {isa = PBXFileReference; fileEncoding = 4; lastKnownFileType = sourcecode.c.h; path = MTMapCameraUpdate.h; sourceTree = "<group>"; };
		F6EDF2412643119B001A924E /* MTMapReverseGeoCoder.h */ = {isa = PBXFileReference; fileEncoding = 4; lastKnownFileType = sourcecode.c.h; path = MTMapReverseGeoCoder.h; sourceTree = "<group>"; };
		F6EDF2422643119B001A924E /* MTMapPolyline.h */ = {isa = PBXFileReference; fileEncoding = 4; lastKnownFileType = sourcecode.c.h; path = MTMapPolyline.h; sourceTree = "<group>"; };
		F6EDF2432643119B001A924E /* MTMapLocationMarkerItem.h */ = {isa = PBXFileReference; fileEncoding = 4; lastKnownFileType = sourcecode.c.h; path = MTMapLocationMarkerItem.h; sourceTree = "<group>"; };
		F6EDF2442643119B001A924E /* MTMapView.h */ = {isa = PBXFileReference; fileEncoding = 4; lastKnownFileType = sourcecode.c.h; path = MTMapView.h; sourceTree = "<group>"; };
		F6EDF2452643119B001A924E /* MTMapGeometry.h */ = {isa = PBXFileReference; fileEncoding = 4; lastKnownFileType = sourcecode.c.h; path = MTMapGeometry.h; sourceTree = "<group>"; };
		F6EDF2462643119B001A924E /* MTMapCircle.h */ = {isa = PBXFileReference; fileEncoding = 4; lastKnownFileType = sourcecode.c.h; path = MTMapCircle.h; sourceTree = "<group>"; };
		F6EDF2472643119B001A924E /* info_box.png */ = {isa = PBXFileReference; lastKnownFileType = image.png; path = info_box.png; sourceTree = "<group>"; };
		F6EDF2482643119B001A924E /* point_sprite.png */ = {isa = PBXFileReference; lastKnownFileType = image.png; path = point_sprite.png; sourceTree = "<group>"; };
		F6EDF2492643119B001A924E /* map_pinup_custom.png */ = {isa = PBXFileReference; lastKnownFileType = image.png; path = map_pinup_custom.png; sourceTree = "<group>"; };
		F6EDF24A2643119B001A924E /* info_box_tail.png */ = {isa = PBXFileReference; lastKnownFileType = image.png; path = info_box_tail.png; sourceTree = "<group>"; };
		F6EDF24B2643119B001A924E /* noimage256.png */ = {isa = PBXFileReference; lastKnownFileType = image.png; path = noimage256.png; sourceTree = "<group>"; };
		F6EDF24C2643119B001A924E /* map_present_direction.png */ = {isa = PBXFileReference; lastKnownFileType = image.png; path = map_present_direction.png; sourceTree = "<group>"; };
		F6EDF24D2643119B001A924E /* map_pin.png */ = {isa = PBXFileReference; lastKnownFileType = image.png; path = map_pin.png; sourceTree = "<group>"; };
		F6EDF24E2643119B001A924E /* map_present.png */ = {isa = PBXFileReference; lastKnownFileType = image.png; path = map_present.png; sourceTree = "<group>"; };
		F6EDF24F2643119B001A924E /* noimage.png */ = {isa = PBXFileReference; lastKnownFileType = image.png; path = noimage.png; sourceTree = "<group>"; };
		F6EDF2502643119B001A924E /* map_present_background_update.png */ = {isa = PBXFileReference; lastKnownFileType = image.png; path = map_present_background_update.png; sourceTree = "<group>"; };
		F6EDF2512643119B001A924E /* daum_th_line.png */ = {isa = PBXFileReference; lastKnownFileType = image.png; path = daum_th_line.png; sourceTree = "<group>"; };
		F6EDF2522643119B001A924E /* map_pin_shadow.png */ = {isa = PBXFileReference; lastKnownFileType = image.png; path = map_pin_shadow.png; sourceTree = "<group>"; };
		F6EDF2532643119B001A924E /* DaumMap.framework */ = {isa = PBXFileReference; lastKnownFileType = wrapper.framework; path = DaumMap.framework; sourceTree = "<group>"; };
		F709397626510828007B179A /* GoogleService-Info.plist */ = {isa = PBXFileReference; fileEncoding = 4; lastKnownFileType = text.plist.xml; path = "GoogleService-Info.plist"; sourceTree = "<group>"; };
		F709397826510A24007B179A /* veganBegan.xcworkspace */ = {isa = PBXFileReference; lastKnownFileType = wrapper.workspace; path = veganBegan.xcworkspace; sourceTree = "<group>"; };
		F709397A2651108A007B179A /* DatabaseManager.swift */ = {isa = PBXFileReference; lastKnownFileType = sourcecode.swift; path = DatabaseManager.swift; sourceTree = "<group>"; };
		F721958A2650DEEB005D73A8 /* .gitignore */ = {isa = PBXFileReference; lastKnownFileType = text; path = .gitignore; sourceTree = "<group>"; };
		F721958B2650E07A005D73A8 /* .gitattributes */ = {isa = PBXFileReference; lastKnownFileType = text; path = .gitattributes; sourceTree = "<group>"; };
		F7A8F8862666B7930009D5DB /* MapViewController.swift */ = {isa = PBXFileReference; lastKnownFileType = sourcecode.swift; path = MapViewController.swift; sourceTree = "<group>"; };
/* End PBXFileReference section */

/* Begin PBXFrameworksBuildPhase section */
		9A3388D9264266ED0025B252 /* Frameworks */ = {
			isa = PBXFrameworksBuildPhase;
			buildActionMask = 2147483647;
			files = (
				9A338910264272B10025B252 /* libsqlite3.tbd in Frameworks */,
				9A33890F264272A80025B252 /* libxml2.tbd in Frameworks */,
				9A33890E264272A10025B252 /* libc++.tbd in Frameworks */,
				9A338904264269F70025B252 /* QuartzCore.framework in Frameworks */,
				9A338902264269ED0025B252 /* CoreLocation.framework in Frameworks */,
				9A338900264269E60025B252 /* SystemConfiguration.framework in Frameworks */,
				F6EDF26F2643119B001A924E /* DaumMap.framework in Frameworks */,
				9A3388FE264269DD0025B252 /* OpenGLES.framework in Frameworks */,
				80EF086566DFC5E749FFED20 /* Pods_veganBegan.framework in Frameworks */,
			);
			runOnlyForDeploymentPostprocessing = 0;
		};
/* End PBXFrameworksBuildPhase section */

/* Begin PBXGroup section */
		67D1723BFB6BA3F4A6091308 /* Pods */ = {
			isa = PBXGroup;
			children = (
				53B5A7B0A8DF0D297A0654E9 /* Pods-veganBegan.debug.xcconfig */,
				A7E002EA4B84443C7CBBF529 /* Pods-veganBegan.release.xcconfig */,
			);
			path = Pods;
			sourceTree = "<group>";
		};
		9A3388D3264266ED0025B252 = {
			isa = PBXGroup;
			children = (
				F709397826510A24007B179A /* veganBegan.xcworkspace */,
				F721958B2650E07A005D73A8 /* .gitattributes */,
				F721958A2650DEEB005D73A8 /* .gitignore */,
				9A33890826426CDD0025B252 /* veganBegan-Bridging-Header.h */,
				9A3388DE264266ED0025B252 /* veganBegan */,
				9A3388DD264266ED0025B252 /* Products */,
				9A3388F6264268C30025B252 /* Frameworks */,
				67D1723BFB6BA3F4A6091308 /* Pods */,
			);
			sourceTree = "<group>";
		};
		9A3388DD264266ED0025B252 /* Products */ = {
			isa = PBXGroup;
			children = (
				9A3388DC264266ED0025B252 /* veganBegan.app */,
			);
			name = Products;
			sourceTree = "<group>";
		};
		9A3388DE264266ED0025B252 /* veganBegan */ = {
			isa = PBXGroup;
			children = (
				F709397626510828007B179A /* GoogleService-Info.plist */,
				9A3388DF264266ED0025B252 /* AppDelegate.swift */,
				9A3388E1264266ED0025B252 /* SceneDelegate.swift */,
				9A3388E3264266ED0025B252 /* ViewController.swift */,
				F7A8F8862666B7930009D5DB /* MapViewController.swift */,
				9A3388E5264266ED0025B252 /* Main.storyboard */,
				9A3388EB264266EE0025B252 /* Assets.xcassets */,
				9A3388ED264266EE0025B252 /* LaunchScreen.storyboard */,
				9A3388F0264266EE0025B252 /* Info.plist */,
				9A3388E8264266ED0025B252 /* veganBegan.xcdatamodeld */,
				F709397A2651108A007B179A /* DatabaseManager.swift */,
			);
			path = veganBegan;
			sourceTree = "<group>";
		};
		9A3388F6264268C30025B252 /* Frameworks */ = {
			isa = PBXGroup;
			children = (
				F6EDF22D2643119B001A924E /* DaumMap.embeddedframework */,
				9A33890726426A190025B252 /* libsqlite3.tbd */,
				9A33890626426A110025B252 /* libxml2.tbd */,
				9A33890526426A020025B252 /* libc++.tbd */,
				9A338903264269F70025B252 /* QuartzCore.framework */,
				9A338901264269ED0025B252 /* CoreLocation.framework */,
				9A3388FF264269E60025B252 /* SystemConfiguration.framework */,
				9A3388FD264269DD0025B252 /* OpenGLES.framework */,
				658D62D287F575280F714A5F /* Pods_veganBegan.framework */,
			);
			name = Frameworks;
			sourceTree = "<group>";
		};
		F6EDF22D2643119B001A924E /* DaumMap.embeddedframework */ = {
			isa = PBXGroup;
			children = (
				F6EDF22E2643119B001A924E /* Resources */,
				F6EDF2532643119B001A924E /* DaumMap.framework */,
			);
			path = DaumMap.embeddedframework;
			sourceTree = "<group>";
		};
		F6EDF22E2643119B001A924E /* Resources */ = {
			isa = PBXGroup;
			children = (
				F6EDF22F2643119B001A924E /* map_pinup_custom@3x.png */,
				F6EDF2302643119B001A924E /* map_pin_custom.png */,
				F6EDF2312643119B001A924E /* shadow_balloon.png */,
				F6EDF2322643119B001A924E /* map_pinup.png */,
				F6EDF2332643119B001A924E /* detail_button.png */,
				F6EDF2342643119B001A924E /* map_pin_custom@3x.png */,
				F6EDF2352643119B001A924E /* map_pinup@3x.png */,
				F6EDF2362643119B001A924E /* map_pin_shadow@3x.png */,
				F6EDF2372643119B001A924E /* copyright.png */,
				F6EDF2382643119B001A924E /* th_line.png */,
				F6EDF2392643119B001A924E /* map_pin_red@3x.png */,
				F6EDF23A2643119B001A924E /* daum_copyright.png */,
				F6EDF23B2643119B001A924E /* map_pin@3x.png */,
				F6EDF23C2643119B001A924E /* map_present_tracking.png */,
				F6EDF23D2643119B001A924E /* map_pin_red.png */,
				F6EDF23E2643119B001A924E /* Headers */,
				F6EDF2472643119B001A924E /* info_box.png */,
				F6EDF2482643119B001A924E /* point_sprite.png */,
				F6EDF2492643119B001A924E /* map_pinup_custom.png */,
				F6EDF24A2643119B001A924E /* info_box_tail.png */,
				F6EDF24B2643119B001A924E /* noimage256.png */,
				F6EDF24C2643119B001A924E /* map_present_direction.png */,
				F6EDF24D2643119B001A924E /* map_pin.png */,
				F6EDF24E2643119B001A924E /* map_present.png */,
				F6EDF24F2643119B001A924E /* noimage.png */,
				F6EDF2502643119B001A924E /* map_present_background_update.png */,
				F6EDF2512643119B001A924E /* daum_th_line.png */,
				F6EDF2522643119B001A924E /* map_pin_shadow.png */,
			);
			path = Resources;
			sourceTree = "<group>";
		};
		F6EDF23E2643119B001A924E /* Headers */ = {
			isa = PBXGroup;
			children = (
				F6EDF23F2643119B001A924E /* MTMapPOIItem.h */,
				F6EDF2402643119B001A924E /* MTMapCameraUpdate.h */,
				F6EDF2412643119B001A924E /* MTMapReverseGeoCoder.h */,
				F6EDF2422643119B001A924E /* MTMapPolyline.h */,
				F6EDF2432643119B001A924E /* MTMapLocationMarkerItem.h */,
				F6EDF2442643119B001A924E /* MTMapView.h */,
				F6EDF2452643119B001A924E /* MTMapGeometry.h */,
				F6EDF2462643119B001A924E /* MTMapCircle.h */,
			);
			path = Headers;
			sourceTree = "<group>";
		};
/* End PBXGroup section */

/* Begin PBXNativeTarget section */
		9A3388DB264266ED0025B252 /* veganBegan */ = {
			isa = PBXNativeTarget;
			buildConfigurationList = 9A3388F3264266EE0025B252 /* Build configuration list for PBXNativeTarget "veganBegan" */;
			buildPhases = (
				827872052860C0B35F024310 /* [CP] Check Pods Manifest.lock */,
				9A3388D8264266ED0025B252 /* Sources */,
				9A3388D9264266ED0025B252 /* Frameworks */,
				9A3388DA264266ED0025B252 /* Resources */,
				F54DFB1BDAAB604EFBBAD493 /* [CP] Embed Pods Frameworks */,
			);
			buildRules = (
			);
			dependencies = (
			);
			name = veganBegan;
			productName = veganBegan;
			productReference = 9A3388DC264266ED0025B252 /* veganBegan.app */;
			productType = "com.apple.product-type.application";
		};
/* End PBXNativeTarget section */

/* Begin PBXProject section */
		9A3388D4264266ED0025B252 /* Project object */ = {
			isa = PBXProject;
			attributes = {
				LastSwiftUpdateCheck = 1130;
				LastUpgradeCheck = 1130;
				ORGANIZATIONNAME = Release;
				TargetAttributes = {
					9A3388DB264266ED0025B252 = {
						CreatedOnToolsVersion = 11.3.1;
					};
				};
			};
			buildConfigurationList = 9A3388D7264266ED0025B252 /* Build configuration list for PBXProject "veganBegan" */;
			compatibilityVersion = "Xcode 11.0";
			developmentRegion = en;
			hasScannedForEncodings = 0;
			knownRegions = (
				en,
				Base,
			);
			mainGroup = 9A3388D3264266ED0025B252;
			productRefGroup = 9A3388DD264266ED0025B252 /* Products */;
			projectDirPath = "";
			projectRoot = "";
			targets = (
				9A3388DB264266ED0025B252 /* veganBegan */,
			);
		};
/* End PBXProject section */

/* Begin PBXResourcesBuildPhase section */
		9A3388DA264266ED0025B252 /* Resources */ = {
			isa = PBXResourcesBuildPhase;
			buildActionMask = 2147483647;
			files = (
				F6EDF26A2643119B001A924E /* map_present.png in Resources */,
				F6EDF2602643119B001A924E /* map_pin@3x.png in Resources */,
				F6EDF25E2643119B001A924E /* map_pin_red@3x.png in Resources */,
				F6EDF2692643119B001A924E /* map_pin.png in Resources */,
				F6EDF2622643119B001A924E /* map_pin_red.png in Resources */,
				F6EDF2542643119B001A924E /* map_pinup_custom@3x.png in Resources */,
				F6EDF25C2643119B001A924E /* copyright.png in Resources */,
				F6EDF25B2643119B001A924E /* map_pin_shadow@3x.png in Resources */,
				9A3388EF264266EE0025B252 /* LaunchScreen.storyboard in Resources */,
				F6EDF25F2643119B001A924E /* daum_copyright.png in Resources */,
				F6EDF2632643119B001A924E /* info_box.png in Resources */,
				F6EDF2592643119B001A924E /* map_pin_custom@3x.png in Resources */,
				F6EDF26E2643119B001A924E /* map_pin_shadow.png in Resources */,
				F6EDF2612643119B001A924E /* map_present_tracking.png in Resources */,
				F6EDF2582643119B001A924E /* detail_button.png in Resources */,
				F709397726510828007B179A /* GoogleService-Info.plist in Resources */,
				F6EDF26B2643119B001A924E /* noimage.png in Resources */,
				F6EDF25D2643119B001A924E /* th_line.png in Resources */,
				F6EDF2662643119B001A924E /* info_box_tail.png in Resources */,
				F6EDF2552643119B001A924E /* map_pin_custom.png in Resources */,
				F6EDF2652643119B001A924E /* map_pinup_custom.png in Resources */,
				F6EDF25A2643119B001A924E /* map_pinup@3x.png in Resources */,
				F6EDF2642643119B001A924E /* point_sprite.png in Resources */,
				F6EDF26C2643119B001A924E /* map_present_background_update.png in Resources */,
				F6EDF2682643119B001A924E /* map_present_direction.png in Resources */,
				F6EDF2672643119B001A924E /* noimage256.png in Resources */,
				F6EDF2562643119B001A924E /* shadow_balloon.png in Resources */,
				9A3388EC264266EE0025B252 /* Assets.xcassets in Resources */,
				F709397926510A24007B179A /* veganBegan.xcworkspace in Resources */,
				9A3388E7264266ED0025B252 /* Main.storyboard in Resources */,
				F6EDF26D2643119B001A924E /* daum_th_line.png in Resources */,
				F6EDF2572643119B001A924E /* map_pinup.png in Resources */,
			);
			runOnlyForDeploymentPostprocessing = 0;
		};
/* End PBXResourcesBuildPhase section */

/* Begin PBXShellScriptBuildPhase section */
		827872052860C0B35F024310 /* [CP] Check Pods Manifest.lock */ = {
			isa = PBXShellScriptBuildPhase;
			buildActionMask = 2147483647;
			files = (
			);
			inputFileListPaths = (
			);
			inputPaths = (
				"${PODS_PODFILE_DIR_PATH}/Podfile.lock",
				"${PODS_ROOT}/Manifest.lock",
			);
			name = "[CP] Check Pods Manifest.lock";
			outputFileListPaths = (
			);
			outputPaths = (
				"$(DERIVED_FILE_DIR)/Pods-veganBegan-checkManifestLockResult.txt",
			);
			runOnlyForDeploymentPostprocessing = 0;
			shellPath = /bin/sh;
			shellScript = "diff \"${PODS_PODFILE_DIR_PATH}/Podfile.lock\" \"${PODS_ROOT}/Manifest.lock\" > /dev/null\nif [ $? != 0 ] ; then\n    # print error to STDERR\n    echo \"error: The sandbox is not in sync with the Podfile.lock. Run 'pod install' or update your CocoaPods installation.\" >&2\n    exit 1\nfi\n# This output is used by Xcode 'outputs' to avoid re-running this script phase.\necho \"SUCCESS\" > \"${SCRIPT_OUTPUT_FILE_0}\"\n";
			showEnvVarsInLog = 0;
		};
		F54DFB1BDAAB604EFBBAD493 /* [CP] Embed Pods Frameworks */ = {
			isa = PBXShellScriptBuildPhase;
			buildActionMask = 2147483647;
			files = (
			);
			inputFileListPaths = (
				"${PODS_ROOT}/Target Support Files/Pods-veganBegan/Pods-veganBegan-frameworks-${CONFIGURATION}-input-files.xcfilelist",
			);
			name = "[CP] Embed Pods Frameworks";
			outputFileListPaths = (
				"${PODS_ROOT}/Target Support Files/Pods-veganBegan/Pods-veganBegan-frameworks-${CONFIGURATION}-output-files.xcfilelist",
			);
			runOnlyForDeploymentPostprocessing = 0;
			shellPath = /bin/sh;
			shellScript = "\"${PODS_ROOT}/Target Support Files/Pods-veganBegan/Pods-veganBegan-frameworks.sh\"\n";
			showEnvVarsInLog = 0;
		};
/* End PBXShellScriptBuildPhase section */

/* Begin PBXSourcesBuildPhase section */
		9A3388D8264266ED0025B252 /* Sources */ = {
			isa = PBXSourcesBuildPhase;
			buildActionMask = 2147483647;
			files = (
				9A3388E4264266ED0025B252 /* ViewController.swift in Sources */,
				F7A8F8872666B7930009D5DB /* MapViewController.swift in Sources */,
				9A3388EA264266ED0025B252 /* veganBegan.xcdatamodeld in Sources */,
				9A3388E0264266ED0025B252 /* AppDelegate.swift in Sources */,
				F709397B2651108A007B179A /* DatabaseManager.swift in Sources */,
				9A3388E2264266ED0025B252 /* SceneDelegate.swift in Sources */,
			);
			runOnlyForDeploymentPostprocessing = 0;
		};
/* End PBXSourcesBuildPhase section */

/* Begin PBXVariantGroup section */
		9A3388E5264266ED0025B252 /* Main.storyboard */ = {
			isa = PBXVariantGroup;
			children = (
				9A3388E6264266ED0025B252 /* Base */,
			);
			name = Main.storyboard;
			sourceTree = "<group>";
		};
		9A3388ED264266EE0025B252 /* LaunchScreen.storyboard */ = {
			isa = PBXVariantGroup;
			children = (
				9A3388EE264266EE0025B252 /* Base */,
			);
			name = LaunchScreen.storyboard;
			sourceTree = "<group>";
		};
/* End PBXVariantGroup section */

/* Begin XCBuildConfiguration section */
		9A3388F1264266EE0025B252 /* Debug */ = {
			isa = XCBuildConfiguration;
			buildSettings = {
				ALWAYS_SEARCH_USER_PATHS = NO;
				CLANG_ANALYZER_NONNULL = YES;
				CLANG_ANALYZER_NUMBER_OBJECT_CONVERSION = YES_AGGRESSIVE;
				CLANG_CXX_LANGUAGE_STANDARD = "gnu++14";
				CLANG_CXX_LIBRARY = "libc++";
				CLANG_ENABLE_MODULES = YES;
				CLANG_ENABLE_OBJC_ARC = YES;
				CLANG_ENABLE_OBJC_WEAK = YES;
				CLANG_WARN_BLOCK_CAPTURE_AUTORELEASING = YES;
				CLANG_WARN_BOOL_CONVERSION = YES;
				CLANG_WARN_COMMA = YES;
				CLANG_WARN_CONSTANT_CONVERSION = YES;
				CLANG_WARN_DEPRECATED_OBJC_IMPLEMENTATIONS = YES;
				CLANG_WARN_DIRECT_OBJC_ISA_USAGE = YES_ERROR;
				CLANG_WARN_DOCUMENTATION_COMMENTS = YES;
				CLANG_WARN_EMPTY_BODY = YES;
				CLANG_WARN_ENUM_CONVERSION = YES;
				CLANG_WARN_INFINITE_RECURSION = YES;
				CLANG_WARN_INT_CONVERSION = YES;
				CLANG_WARN_NON_LITERAL_NULL_CONVERSION = YES;
				CLANG_WARN_OBJC_IMPLICIT_RETAIN_SELF = YES;
				CLANG_WARN_OBJC_LITERAL_CONVERSION = YES;
				CLANG_WARN_OBJC_ROOT_CLASS = YES_ERROR;
				CLANG_WARN_RANGE_LOOP_ANALYSIS = YES;
				CLANG_WARN_STRICT_PROTOTYPES = YES;
				CLANG_WARN_SUSPICIOUS_MOVE = YES;
				CLANG_WARN_UNGUARDED_AVAILABILITY = YES_AGGRESSIVE;
				CLANG_WARN_UNREACHABLE_CODE = YES;
				CLANG_WARN__DUPLICATE_METHOD_MATCH = YES;
				COPY_PHASE_STRIP = NO;
				DEBUG_INFORMATION_FORMAT = dwarf;
				ENABLE_STRICT_OBJC_MSGSEND = YES;
				ENABLE_TESTABILITY = YES;
				GCC_C_LANGUAGE_STANDARD = gnu11;
				GCC_DYNAMIC_NO_PIC = NO;
				GCC_NO_COMMON_BLOCKS = YES;
				GCC_OPTIMIZATION_LEVEL = 0;
				GCC_PREPROCESSOR_DEFINITIONS = (
					"DEBUG=1",
					"$(inherited)",
				);
				GCC_WARN_64_TO_32_BIT_CONVERSION = YES;
				GCC_WARN_ABOUT_RETURN_TYPE = YES_ERROR;
				GCC_WARN_UNDECLARED_SELECTOR = YES;
				GCC_WARN_UNINITIALIZED_AUTOS = YES_AGGRESSIVE;
				GCC_WARN_UNUSED_FUNCTION = YES;
				GCC_WARN_UNUSED_VARIABLE = YES;
				IPHONEOS_DEPLOYMENT_TARGET = 13.2;
				MTL_ENABLE_DEBUG_INFO = INCLUDE_SOURCE;
				MTL_FAST_MATH = YES;
				ONLY_ACTIVE_ARCH = YES;
				SDKROOT = iphoneos;
				SWIFT_ACTIVE_COMPILATION_CONDITIONS = DEBUG;
				SWIFT_OPTIMIZATION_LEVEL = "-Onone";
			};
			name = Debug;
		};
		9A3388F2264266EE0025B252 /* Release */ = {
			isa = XCBuildConfiguration;
			buildSettings = {
				ALWAYS_SEARCH_USER_PATHS = NO;
				CLANG_ANALYZER_NONNULL = YES;
				CLANG_ANALYZER_NUMBER_OBJECT_CONVERSION = YES_AGGRESSIVE;
				CLANG_CXX_LANGUAGE_STANDARD = "gnu++14";
				CLANG_CXX_LIBRARY = "libc++";
				CLANG_ENABLE_MODULES = YES;
				CLANG_ENABLE_OBJC_ARC = YES;
				CLANG_ENABLE_OBJC_WEAK = YES;
				CLANG_WARN_BLOCK_CAPTURE_AUTORELEASING = YES;
				CLANG_WARN_BOOL_CONVERSION = YES;
				CLANG_WARN_COMMA = YES;
				CLANG_WARN_CONSTANT_CONVERSION = YES;
				CLANG_WARN_DEPRECATED_OBJC_IMPLEMENTATIONS = YES;
				CLANG_WARN_DIRECT_OBJC_ISA_USAGE = YES_ERROR;
				CLANG_WARN_DOCUMENTATION_COMMENTS = YES;
				CLANG_WARN_EMPTY_BODY = YES;
				CLANG_WARN_ENUM_CONVERSION = YES;
				CLANG_WARN_INFINITE_RECURSION = YES;
				CLANG_WARN_INT_CONVERSION = YES;
				CLANG_WARN_NON_LITERAL_NULL_CONVERSION = YES;
				CLANG_WARN_OBJC_IMPLICIT_RETAIN_SELF = YES;
				CLANG_WARN_OBJC_LITERAL_CONVERSION = YES;
				CLANG_WARN_OBJC_ROOT_CLASS = YES_ERROR;
				CLANG_WARN_RANGE_LOOP_ANALYSIS = YES;
				CLANG_WARN_STRICT_PROTOTYPES = YES;
				CLANG_WARN_SUSPICIOUS_MOVE = YES;
				CLANG_WARN_UNGUARDED_AVAILABILITY = YES_AGGRESSIVE;
				CLANG_WARN_UNREACHABLE_CODE = YES;
				CLANG_WARN__DUPLICATE_METHOD_MATCH = YES;
				COPY_PHASE_STRIP = NO;
				DEBUG_INFORMATION_FORMAT = "dwarf-with-dsym";
				ENABLE_NS_ASSERTIONS = NO;
				ENABLE_STRICT_OBJC_MSGSEND = YES;
				GCC_C_LANGUAGE_STANDARD = gnu11;
				GCC_NO_COMMON_BLOCKS = YES;
				GCC_WARN_64_TO_32_BIT_CONVERSION = YES;
				GCC_WARN_ABOUT_RETURN_TYPE = YES_ERROR;
				GCC_WARN_UNDECLARED_SELECTOR = YES;
				GCC_WARN_UNINITIALIZED_AUTOS = YES_AGGRESSIVE;
				GCC_WARN_UNUSED_FUNCTION = YES;
				GCC_WARN_UNUSED_VARIABLE = YES;
				IPHONEOS_DEPLOYMENT_TARGET = 13.2;
				MTL_ENABLE_DEBUG_INFO = NO;
				MTL_FAST_MATH = YES;
				SDKROOT = iphoneos;
				SWIFT_COMPILATION_MODE = wholemodule;
				SWIFT_OPTIMIZATION_LEVEL = "-O";
				VALIDATE_PRODUCT = YES;
			};
			name = Release;
		};
		9A3388F4264266EE0025B252 /* Debug */ = {
			isa = XCBuildConfiguration;
			baseConfigurationReference = 53B5A7B0A8DF0D297A0654E9 /* Pods-veganBegan.debug.xcconfig */;
			buildSettings = {
				ASSETCATALOG_COMPILER_APPICON_NAME = AppIcon;
				CLANG_ENABLE_OBJC_ARC = NO;
				CODE_SIGN_STYLE = Automatic;
				FRAMEWORK_SEARCH_PATHS = (
					"$(inherited)",
					"$(PROJECT_DIR)",
					"$(PROJECT_DIR)/DaumMap.embeddedframework",
				);
				INFOPLIST_FILE = veganBegan/Info.plist;
				LD_RUNPATH_SEARCH_PATHS = (
					"$(inherited)",
					"@executable_path/Frameworks",
				);
				PRODUCT_BUNDLE_IDENTIFIER = kr.ac.sogang.20181593.veganBegan;
				PRODUCT_NAME = "$(TARGET_NAME)";
				SWIFT_OBJC_BRIDGING_HEADER = "veganBegan-Bridging-Header.h";
				SWIFT_VERSION = 5.0;
				TARGETED_DEVICE_FAMILY = "1,2";
			};
			name = Debug;
		};
		9A3388F5264266EE0025B252 /* Release */ = {
			isa = XCBuildConfiguration;
			baseConfigurationReference = A7E002EA4B84443C7CBBF529 /* Pods-veganBegan.release.xcconfig */;
			buildSettings = {
				ASSETCATALOG_COMPILER_APPICON_NAME = AppIcon;
				CLANG_ENABLE_OBJC_ARC = NO;
				CODE_SIGN_STYLE = Automatic;
				FRAMEWORK_SEARCH_PATHS = (
					"$(inherited)",
					"$(PROJECT_DIR)",
					"$(PROJECT_DIR)/DaumMap.embeddedframework",
				);
				INFOPLIST_FILE = veganBegan/Info.plist;
				LD_RUNPATH_SEARCH_PATHS = (
					"$(inherited)",
					"@executable_path/Frameworks",
				);
				PRODUCT_BUNDLE_IDENTIFIER = kr.ac.sogang.20181593.veganBegan;
				PRODUCT_NAME = "$(TARGET_NAME)";
				SWIFT_OBJC_BRIDGING_HEADER = "veganBegan-Bridging-Header.h";
				SWIFT_VERSION = 5.0;
				TARGETED_DEVICE_FAMILY = "1,2";
			};
			name = Release;
		};
/* End XCBuildConfiguration section */

/* Begin XCConfigurationList section */
		9A3388D7264266ED0025B252 /* Build configuration list for PBXProject "veganBegan" */ = {
			isa = XCConfigurationList;
			buildConfigurations = (
				9A3388F1264266EE0025B252 /* Debug */,
				9A3388F2264266EE0025B252 /* Release */,
			);
			defaultConfigurationIsVisible = 0;
			defaultConfigurationName = Release;
		};
		9A3388F3264266EE0025B252 /* Build configuration list for PBXNativeTarget "veganBegan" */ = {
			isa = XCConfigurationList;
			buildConfigurations = (
				9A3388F4264266EE0025B252 /* Debug */,
				9A3388F5264266EE0025B252 /* Release */,
			);
			defaultConfigurationIsVisible = 0;
			defaultConfigurationName = Release;
		};
/* End XCConfigurationList section */

/* Begin XCVersionGroup section */
		9A3388E8264266ED0025B252 /* veganBegan.xcdatamodeld */ = {
			isa = XCVersionGroup;
			children = (
				9A3388E9264266ED0025B252 /* veganBegan.xcdatamodel */,
			);
			currentVersion = 9A3388E9264266ED0025B252 /* veganBegan.xcdatamodel */;
			path = veganBegan.xcdatamodeld;
			sourceTree = "<group>";
			versionGroupType = wrapper.xcdatamodel;
		};
/* End XCVersionGroup section */
	};
	rootObject = 9A3388D4264266ED0025B252 /* Project object */;
}
