// !$*UTF8*$!
{
	archiveVersion = 1;
	classes = {
	};
	objectVersion = 50;
	objects = {

/* Begin PBXBuildFile section */
		9A3388E0264266ED0025B252 /* AppDelegate.swift in Sources */ = {isa = PBXBuildFile; fileRef = 9A3388DF264266ED0025B252 /* AppDelegate.swift */; };
		9A3388E2264266ED0025B252 /* SceneDelegate.swift in Sources */ = {isa = PBXBuildFile; fileRef = 9A3388E1264266ED0025B252 /* SceneDelegate.swift */; };
		9A3388E4264266ED0025B252 /* ViewController.swift in Sources */ = {isa = PBXBuildFile; fileRef = 9A3388E3264266ED0025B252 /* ViewController.swift */; };
		9A3388E7264266ED0025B252 /* Main.storyboard in Resources */ = {isa = PBXBuildFile; fileRef = 9A3388E5264266ED0025B252 /* Main.storyboard */; };
		9A3388EA264266ED0025B252 /* veganBegan.xcdatamodeld in Sources */ = {isa = PBXBuildFile; fileRef = 9A3388E8264266ED0025B252 /* veganBegan.xcdatamodeld */; };
		9A3388EC264266EE0025B252 /* Assets.xcassets in Resources */ = {isa = PBXBuildFile; fileRef = 9A3388EB264266EE0025B252 /* Assets.xcassets */; };
		9A3388EF264266EE0025B252 /* LaunchScreen.storyboard in Resources */ = {isa = PBXBuildFile; fileRef = 9A3388ED264266EE0025B252 /* LaunchScreen.storyboard */; };
/* End PBXBuildFile section */

/* Begin PBXFileReference section */
		9A3388DC264266ED0025B252 /* veganBegan.app */ = {isa = PBXFileReference; explicitFileType = wrapper.application; includeInIndex = 0; path = veganBegan.app; sourceTree = BUILT_PRODUCTS_DIR; };
		9A3388DF264266ED0025B252 /* AppDelegate.swift */ = {isa = PBXFileReference; lastKnownFileType = sourcecode.swift; path = AppDelegate.swift; sourceTree = "<group>"; };
		9A3388E1264266ED0025B252 /* SceneDelegate.swift */ = {isa = PBXFileReference; lastKnownFileType = sourcecode.swift; path = SceneDelegate.swift; sourceTree = "<group>"; };
		9A3388E3264266ED0025B252 /* ViewController.swift */ = {isa = PBXFileReference; lastKnownFileType = sourcecode.swift; path = ViewController.swift; sourceTree = "<group>"; };
		9A3388E6264266ED0025B252 /* Base */ = {isa = PBXFileReference; lastKnownFileType = file.storyboard; name = Base; path = Base.lproj/Main.storyboard; sourceTree = "<group>"; };
		9A3388E9264266ED0025B252 /* veganBegan.xcdatamodel */ = {isa = PBXFileReference; lastKnownFileType = wrapper.xcdatamodel; path = veganBegan.xcdatamodel; sourceTree = "<group>"; };
		9A3388EB264266EE0025B252 /* Assets.xcassets */ = {isa = PBXFileReference; lastKnownFileType = folder.assetcatalog; path = Assets.xcassets; sourceTree = "<group>"; };
		9A3388EE264266EE0025B252 /* Base */ = {isa = PBXFileReference; lastKnownFileType = file.storyboard; name = Base; path = Base.lproj/LaunchScreen.storyboard; sourceTree = "<group>"; };
		9A3388F0264266EE0025B252 /* Info.plist */ = {isa = PBXFileReference; lastKnownFileType = text.plist.xml; path = Info.plist; sourceTree = "<group>"; };
/* End PBXFileReference section */

/* Begin PBXFrameworksBuildPhase section */
		9A3388D9264266ED0025B252 /* Frameworks */ = {
			isa = PBXFrameworksBuildPhase;
			buildActionMask = 2147483647;
			files = (
			);
			runOnlyForDeploymentPostprocessing = 0;
		};
/* End PBXFrameworksBuildPhase section */

/* Begin PBXGroup section */
		9A3388D3264266ED0025B252 = {
			isa = PBXGroup;
			children = (
				9A3388DE264266ED0025B252 /* veganBegan */,
				9A3388DD264266ED0025B252 /* Products */,
			);
			sourceTree = "<group>";
		};
		9A3388DD264266ED0025B252 /* Products */ = {
			isa = PBXGroup;
			children = (
				9A3388DC264266ED0025B252 /* veganBegan.app */,
			);
			name = Products;
			sourceTree = "<group>";
		};
		9A3388DE264266ED0025B252 /* veganBegan */ = {
			isa = PBXGroup;
			children = (
				9A3388DF264266ED0025B252 /* AppDelegate.swift */,
				9A3388E1264266ED0025B252 /* SceneDelegate.swift */,
				9A3388E3264266ED0025B252 /* ViewController.swift */,
				9A3388E5264266ED0025B252 /* Main.storyboard */,
				9A3388EB264266EE0025B252 /* Assets.xcassets */,
				9A3388ED264266EE0025B252 /* LaunchScreen.storyboard */,
				9A3388F0264266EE0025B252 /* Info.plist */,
				9A3388E8264266ED0025B252 /* veganBegan.xcdatamodeld */,
			);
			path = veganBegan;
			sourceTree = "<group>";
		};
/* End PBXGroup section */

/* Begin PBXNativeTarget section */
		9A3388DB264266ED0025B252 /* veganBegan */ = {
			isa = PBXNativeTarget;
			buildConfigurationList = 9A3388F3264266EE0025B252 /* Build configuration list for PBXNativeTarget "veganBegan" */;
			buildPhases = (
				9A3388D8264266ED0025B252 /* Sources */,
				9A3388D9264266ED0025B252 /* Frameworks */,
				9A3388DA264266ED0025B252 /* Resources */,
			);
			buildRules = (
			);
			dependencies = (
			);
			name = veganBegan;
			productName = veganBegan;
			productReference = 9A3388DC264266ED0025B252 /* veganBegan.app */;
			productType = "com.apple.product-type.application";
		};
/* End PBXNativeTarget section */

/* Begin PBXProject section */
		9A3388D4264266ED0025B252 /* Project object */ = {
			isa = PBXProject;
			attributes = {
				LastSwiftUpdateCheck = 1130;
				LastUpgradeCheck = 1130;
				ORGANIZATIONNAME = Release;
				TargetAttributes = {
					9A3388DB264266ED0025B252 = {
						CreatedOnToolsVersion = 11.3.1;
					};
				};
			};
			buildConfigurationList = 9A3388D7264266ED0025B252 /* Build configuration list for PBXProject "veganBegan" */;
			compatibilityVersion = "Xcode 9.3";
			developmentRegion = en;
			hasScannedForEncodings = 0;
			knownRegions = (
				en,
				Base,
			);
			mainGroup = 9A3388D3264266ED0025B252;
			productRefGroup = 9A3388DD264266ED0025B252 /* Products */;
			projectDirPath = "";
			projectRoot = "";
			targets = (
				9A3388DB264266ED0025B252 /* veganBegan */,
			);
		};
/* End PBXProject section */

/* Begin PBXResourcesBuildPhase section */
		9A3388DA264266ED0025B252 /* Resources */ = {
			isa = PBXResourcesBuildPhase;
			buildActionMask = 2147483647;
			files = (
				9A3388EF264266EE0025B252 /* LaunchScreen.storyboard in Resources */,
				9A3388EC264266EE0025B252 /* Assets.xcassets in Resources */,
				9A3388E7264266ED0025B252 /* Main.storyboard in Resources */,
			);
			runOnlyForDeploymentPostprocessing = 0;
		};
/* End PBXResourcesBuildPhase section */

/* Begin PBXSourcesBuildPhase section */
		9A3388D8264266ED0025B252 /* Sources */ = {
			isa = PBXSourcesBuildPhase;
			buildActionMask = 2147483647;
			files = (
				9A3388E4264266ED0025B252 /* ViewController.swift in Sources */,
				9A3388EA264266ED0025B252 /* veganBegan.xcdatamodeld in Sources */,
				9A3388E0264266ED0025B252 /* AppDelegate.swift in Sources */,
				9A3388E2264266ED0025B252 /* SceneDelegate.swift in Sources */,
			);
			runOnlyForDeploymentPostprocessing = 0;
		};
/* End PBXSourcesBuildPhase section */

/* Begin PBXVariantGroup section */
		9A3388E5264266ED0025B252 /* Main.storyboard */ = {
			isa = PBXVariantGroup;
			children = (
				9A3388E6264266ED0025B252 /* Base */,
			);
			name = Main.storyboard;
			sourceTree = "<group>";
		};
		9A3388ED264266EE0025B252 /* LaunchScreen.storyboard */ = {
			isa = PBXVariantGroup;
			children = (
				9A3388EE264266EE0025B252 /* Base */,
			);
			name = LaunchScreen.storyboard;
			sourceTree = "<group>";
		};
/* End PBXVariantGroup section */

/* Begin XCBuildConfiguration section */
		9A3388F1264266EE0025B252 /* Debug */ = {
			isa = XCBuildConfiguration;
			buildSettings = {
				ALWAYS_SEARCH_USER_PATHS = NO;
				CLANG_ANALYZER_NONNULL = YES;
				CLANG_ANALYZER_NUMBER_OBJECT_CONVERSION = YES_AGGRESSIVE;
				CLANG_CXX_LANGUAGE_STANDARD = "gnu++14";
				CLANG_CXX_LIBRARY = "libc++";
				CLANG_ENABLE_MODULES = YES;
				CLANG_ENABLE_OBJC_ARC = YES;
				CLANG_ENABLE_OBJC_WEAK = YES;
				CLANG_WARN_BLOCK_CAPTURE_AUTORELEASING = YES;
				CLANG_WARN_BOOL_CONVERSION = YES;
				CLANG_WARN_COMMA = YES;
				CLANG_WARN_CONSTANT_CONVERSION = YES;
				CLANG_WARN_DEPRECATED_OBJC_IMPLEMENTATIONS = YES;
				CLANG_WARN_DIRECT_OBJC_ISA_USAGE = YES_ERROR;
				CLANG_WARN_DOCUMENTATION_COMMENTS = YES;
				CLANG_WARN_EMPTY_BODY = YES;
				CLANG_WARN_ENUM_CONVERSION = YES;
				CLANG_WARN_INFINITE_RECURSION = YES;
				CLANG_WARN_INT_CONVERSION = YES;
				CLANG_WARN_NON_LITERAL_NULL_CONVERSION = YES;
				CLANG_WARN_OBJC_IMPLICIT_RETAIN_SELF = YES;
				CLANG_WARN_OBJC_LITERAL_CONVERSION = YES;
				CLANG_WARN_OBJC_ROOT_CLASS = YES_ERROR;
				CLANG_WARN_RANGE_LOOP_ANALYSIS = YES;
				CLANG_WARN_STRICT_PROTOTYPES = YES;
				CLANG_WARN_SUSPICIOUS_MOVE = YES;
				CLANG_WARN_UNGUARDED_AVAILABILITY = YES_AGGRESSIVE;
				CLANG_WARN_UNREACHABLE_CODE = YES;
				CLANG_WARN__DUPLICATE_METHOD_MATCH = YES;
				COPY_PHASE_STRIP = NO;
				DEBUG_INFORMATION_FORMAT = dwarf;
				ENABLE_STRICT_OBJC_MSGSEND = YES;
				ENABLE_TESTABILITY = YES;
				GCC_C_LANGUAGE_STANDARD = gnu11;
				GCC_DYNAMIC_NO_PIC = NO;
				GCC_NO_COMMON_BLOCKS = YES;
				GCC_OPTIMIZATION_LEVEL = 0;
				GCC_PREPROCESSOR_DEFINITIONS = (
					"DEBUG=1",
					"$(inherited)",
				);
				GCC_WARN_64_TO_32_BIT_CONVERSION = YES;
				GCC_WARN_ABOUT_RETURN_TYPE = YES_ERROR;
				GCC_WARN_UNDECLARED_SELECTOR = YES;
				GCC_WARN_UNINITIALIZED_AUTOS = YES_AGGRESSIVE;
				GCC_WARN_UNUSED_FUNCTION = YES;
				GCC_WARN_UNUSED_VARIABLE = YES;
				IPHONEOS_DEPLOYMENT_TARGET = 13.2;
				MTL_ENABLE_DEBUG_INFO = INCLUDE_SOURCE;
				MTL_FAST_MATH = YES;
				ONLY_ACTIVE_ARCH = YES;
				SDKROOT = iphoneos;
				SWIFT_ACTIVE_COMPILATION_CONDITIONS = DEBUG;
				SWIFT_OPTIMIZATION_LEVEL = "-Onone";
			};
			name = Debug;
		};
		9A3388F2264266EE0025B252 /* Release */ = {
			isa = XCBuildConfiguration;
			buildSettings = {
				ALWAYS_SEARCH_USER_PATHS = NO;
				CLANG_ANALYZER_NONNULL = YES;
				CLANG_ANALYZER_NUMBER_OBJECT_CONVERSION = YES_AGGRESSIVE;
				CLANG_CXX_LANGUAGE_STANDARD = "gnu++14";
				CLANG_CXX_LIBRARY = "libc++";
				CLANG_ENABLE_MODULES = YES;
				CLANG_ENABLE_OBJC_ARC = YES;
				CLANG_ENABLE_OBJC_WEAK = YES;
				CLANG_WARN_BLOCK_CAPTURE_AUTORELEASING = YES;
				CLANG_WARN_BOOL_CONVERSION = YES;
				CLANG_WARN_COMMA = YES;
				CLANG_WARN_CONSTANT_CONVERSION = YES;
				CLANG_WARN_DEPRECATED_OBJC_IMPLEMENTATIONS = YES;
				CLANG_WARN_DIRECT_OBJC_ISA_USAGE = YES_ERROR;
				CLANG_WARN_DOCUMENTATION_COMMENTS = YES;
				CLANG_WARN_EMPTY_BODY = YES;
				CLANG_WARN_ENUM_CONVERSION = YES;
				CLANG_WARN_INFINITE_RECURSION = YES;
				CLANG_WARN_INT_CONVERSION = YES;
				CLANG_WARN_NON_LITERAL_NULL_CONVERSION = YES;
				CLANG_WARN_OBJC_IMPLICIT_RETAIN_SELF = YES;
				CLANG_WARN_OBJC_LITERAL_CONVERSION = YES;
				CLANG_WARN_OBJC_ROOT_CLASS = YES_ERROR;
				CLANG_WARN_RANGE_LOOP_ANALYSIS = YES;
				CLANG_WARN_STRICT_PROTOTYPES = YES;
				CLANG_WARN_SUSPICIOUS_MOVE = YES;
				CLANG_WARN_UNGUARDED_AVAILABILITY = YES_AGGRESSIVE;
				CLANG_WARN_UNREACHABLE_CODE = YES;
				CLANG_WARN__DUPLICATE_METHOD_MATCH = YES;
				COPY_PHASE_STRIP = NO;
				DEBUG_INFORMATION_FORMAT = "dwarf-with-dsym";
				ENABLE_NS_ASSERTIONS = NO;
				ENABLE_STRICT_OBJC_MSGSEND = YES;
				GCC_C_LANGUAGE_STANDARD = gnu11;
				GCC_NO_COMMON_BLOCKS = YES;
				GCC_WARN_64_TO_32_BIT_CONVERSION = YES;
				GCC_WARN_ABOUT_RETURN_TYPE = YES_ERROR;
				GCC_WARN_UNDECLARED_SELECTOR = YES;
				GCC_WARN_UNINITIALIZED_AUTOS = YES_AGGRESSIVE;
				GCC_WARN_UNUSED_FUNCTION = YES;
				GCC_WARN_UNUSED_VARIABLE = YES;
				IPHONEOS_DEPLOYMENT_TARGET = 13.2;
				MTL_ENABLE_DEBUG_INFO = NO;
				MTL_FAST_MATH = YES;
				SDKROOT = iphoneos;
				SWIFT_COMPILATION_MODE = wholemodule;
				SWIFT_OPTIMIZATION_LEVEL = "-O";
				VALIDATE_PRODUCT = YES;
			};
			name = Release;
		};
		9A3388F4264266EE0025B252 /* Debug */ = {
			isa = XCBuildConfiguration;
			buildSettings = {
				ASSETCATALOG_COMPILER_APPICON_NAME = AppIcon;
				CODE_SIGN_STYLE = Automatic;
				INFOPLIST_FILE = veganBegan/Info.plist;
				LD_RUNPATH_SEARCH_PATHS = (
					"$(inherited)",
					"@executable_path/Frameworks",
				);
				PRODUCT_BUNDLE_IDENTIFIER = kr.ac.sogang.20181593.veganBegan;
				PRODUCT_NAME = "$(TARGET_NAME)";
				SWIFT_VERSION = 5.0;
				TARGETED_DEVICE_FAMILY = "1,2";
			};
			name = Debug;
		};
		9A3388F5264266EE0025B252 /* Release */ = {
			isa = XCBuildConfiguration;
			buildSettings = {
				ASSETCATALOG_COMPILER_APPICON_NAME = AppIcon;
				CODE_SIGN_STYLE = Automatic;
				INFOPLIST_FILE = veganBegan/Info.plist;
				LD_RUNPATH_SEARCH_PATHS = (
					"$(inherited)",
					"@executable_path/Frameworks",
				);
				PRODUCT_BUNDLE_IDENTIFIER = kr.ac.sogang.20181593.veganBegan;
				PRODUCT_NAME = "$(TARGET_NAME)";
				SWIFT_VERSION = 5.0;
				TARGETED_DEVICE_FAMILY = "1,2";
			};
			name = Release;
		};
/* End XCBuildConfiguration section */

/* Begin XCConfigurationList section */
		9A3388D7264266ED0025B252 /* Build configuration list for PBXProject "veganBegan" */ = {
			isa = XCConfigurationList;
			buildConfigurations = (
				9A3388F1264266EE0025B252 /* Debug */,
				9A3388F2264266EE0025B252 /* Release */,
			);
			defaultConfigurationIsVisible = 0;
			defaultConfigurationName = Release;
		};
		9A3388F3264266EE0025B252 /* Build configuration list for PBXNativeTarget "veganBegan" */ = {
			isa = XCConfigurationList;
			buildConfigurations = (
				9A3388F4264266EE0025B252 /* Debug */,
				9A3388F5264266EE0025B252 /* Release */,
			);
			defaultConfigurationIsVisible = 0;
			defaultConfigurationName = Release;
		};
/* End XCConfigurationList section */

/* Begin XCVersionGroup section */
		9A3388E8264266ED0025B252 /* veganBegan.xcdatamodeld */ = {
			isa = XCVersionGroup;
			children = (
				9A3388E9264266ED0025B252 /* veganBegan.xcdatamodel */,
			);
			currentVersion = 9A3388E9264266ED0025B252 /* veganBegan.xcdatamodel */;
			path = veganBegan.xcdatamodeld;
			sourceTree = "<group>";
			versionGroupType = wrapper.xcdatamodel;
		};
/* End XCVersionGroup section */
	};
	rootObject = 9A3388D4264266ED0025B252 /* Project object */;
}
